
Microsoft Visual Studio Solution File, Format Version 12.00
Project("{FAE04EC0-301F-11D3-BF4B-00C04F79EFBC}") = "shopping-basket", "shopping-basket\shopping-basket.csproj", "{BD3D0D1F-2DDB-4BBA-96D4-70B626C899DC}"
EndProject
Project("{FAE04EC0-301F-11D3-BF4B-00C04F79EFBC}") = "shopping-basket.tests", "shopping-basket.tests\shopping-basket.tests.csproj", "{C98DEA2E-4044-4A04-868E-039D11E67FA9}"
EndProject
Global
	GlobalSection(SolutionConfigurationPlatforms) = preSolution
		Debug|Any CPU = Debug|Any CPU
		Release|Any CPU = Release|Any CPU
	EndGlobalSection
	GlobalSection(ProjectConfigurationPlatforms) = postSolution
		{BD3D0D1F-2DDB-4BBA-96D4-70B626C899DC}.Debug|Any CPU.ActiveCfg = Debug|Any CPU
		{BD3D0D1F-2DDB-4BBA-96D4-70B626C899DC}.Debug|Any CPU.Build.0 = Debug|Any CPU
		{BD3D0D1F-2DDB-4BBA-96D4-70B626C899DC}.Release|Any CPU.ActiveCfg = Release|Any CPU
		{BD3D0D1F-2DDB-4BBA-96D4-70B626C899DC}.Release|Any CPU.Build.0 = Release|Any CPU
		{C98DEA2E-4044-4A04-868E-039D11E67FA9}.Debug|Any CPU.ActiveCfg = Debug|Any CPU
		{C98DEA2E-4044-4A04-868E-039D11E67FA9}.Debug|Any CPU.Build.0 = Debug|Any CPU
		{C98DEA2E-4044-4A04-868E-039D11E67FA9}.Release|Any CPU.ActiveCfg = Release|Any CPU
		{C98DEA2E-4044-4A04-868E-039D11E67FA9}.Release|Any CPU.Build.0 = Release|Any CPU
	EndGlobalSection
EndGlobal
